// !$*UTF8*$!
{
	archiveVersion = 1;
	classes = {
	};
	objectVersion = 50;
	objects = {

/* Begin PBXBuildFile section */
		004A5425235766F800D236CC /* AppDelegate.swift in Sources */ = {isa = PBXBuildFile; fileRef = 004A5424235766F800D236CC /* AppDelegate.swift */; };
		004A5427235766F800D236CC /* SceneDelegate.swift in Sources */ = {isa = PBXBuildFile; fileRef = 004A5426235766F800D236CC /* SceneDelegate.swift */; };
		004A5429235766F800D236CC /* ViewController.swift in Sources */ = {isa = PBXBuildFile; fileRef = 004A5428235766F800D236CC /* ViewController.swift */; };
		004A542C235766F800D236CC /* Main.storyboard in Resources */ = {isa = PBXBuildFile; fileRef = 004A542A235766F800D236CC /* Main.storyboard */; };
		004A542F235766F800D236CC /* BackgroundScheduleTest.xcdatamodeld in Sources */ = {isa = PBXBuildFile; fileRef = 004A542D235766F800D236CC /* BackgroundScheduleTest.xcdatamodeld */; };
		004A5431235766FB00D236CC /* Assets.xcassets in Resources */ = {isa = PBXBuildFile; fileRef = 004A5430235766FB00D236CC /* Assets.xcassets */; };
		004A5434235766FB00D236CC /* LaunchScreen.storyboard in Resources */ = {isa = PBXBuildFile; fileRef = 004A5432235766FB00D236CC /* LaunchScreen.storyboard */; };
/* End PBXBuildFile section */

/* Begin PBXFileReference section */
		004A5421235766F700D236CC /* BackgroundScheduleTest.app */ = {isa = PBXFileReference; explicitFileType = wrapper.application; includeInIndex = 0; path = BackgroundScheduleTest.app; sourceTree = BUILT_PRODUCTS_DIR; };
		004A5424235766F800D236CC /* AppDelegate.swift */ = {isa = PBXFileReference; lastKnownFileType = sourcecode.swift; path = AppDelegate.swift; sourceTree = "<group>"; };
		004A5426235766F800D236CC /* SceneDelegate.swift */ = {isa = PBXFileReference; lastKnownFileType = sourcecode.swift; path = SceneDelegate.swift; sourceTree = "<group>"; };
		004A5428235766F800D236CC /* ViewController.swift */ = {isa = PBXFileReference; lastKnownFileType = sourcecode.swift; path = ViewController.swift; sourceTree = "<group>"; };
		004A542B235766F800D236CC /* Base */ = {isa = PBXFileReference; lastKnownFileType = file.storyboard; name = Base; path = Base.lproj/Main.storyboard; sourceTree = "<group>"; };
		004A542E235766F800D236CC /* BackgroundScheduleTest.xcdatamodel */ = {isa = PBXFileReference; lastKnownFileType = wrapper.xcdatamodel; path = BackgroundScheduleTest.xcdatamodel; sourceTree = "<group>"; };
		004A5430235766FB00D236CC /* Assets.xcassets */ = {isa = PBXFileReference; lastKnownFileType = folder.assetcatalog; path = Assets.xcassets; sourceTree = "<group>"; };
		004A5433235766FB00D236CC /* Base */ = {isa = PBXFileReference; lastKnownFileType = file.storyboard; name = Base; path = Base.lproj/LaunchScreen.storyboard; sourceTree = "<group>"; };
		004A5435235766FB00D236CC /* Info.plist */ = {isa = PBXFileReference; lastKnownFileType = text.plist.xml; path = Info.plist; sourceTree = "<group>"; };
/* End PBXFileReference section */

/* Begin PBXFrameworksBuildPhase section */
		004A541E235766F700D236CC /* Frameworks */ = {
			isa = PBXFrameworksBuildPhase;
			buildActionMask = 2147483647;
			files = (
			);
			runOnlyForDeploymentPostprocessing = 0;
		};
/* End PBXFrameworksBuildPhase section */

/* Begin PBXGroup section */
		004A5418235766F700D236CC = {
			isa = PBXGroup;
			children = (
				004A5423235766F700D236CC /* BackgroundScheduleTest */,
				004A5422235766F700D236CC /* Products */,
			);
			sourceTree = "<group>";
		};
		004A5422235766F700D236CC /* Products */ = {
			isa = PBXGroup;
			children = (
				004A5421235766F700D236CC /* BackgroundScheduleTest.app */,
			);
			name = Products;
			sourceTree = "<group>";
		};
		004A5423235766F700D236CC /* BackgroundScheduleTest */ = {
			isa = PBXGroup;
			children = (
				004A5424235766F800D236CC /* AppDelegate.swift */,
				004A5426235766F800D236CC /* SceneDelegate.swift */,
				004A5428235766F800D236CC /* ViewController.swift */,
				004A542A235766F800D236CC /* Main.storyboard */,
				004A5430235766FB00D236CC /* Assets.xcassets */,
				004A5432235766FB00D236CC /* LaunchScreen.storyboard */,
				004A5435235766FB00D236CC /* Info.plist */,
				004A542D235766F800D236CC /* BackgroundScheduleTest.xcdatamodeld */,
			);
			path = BackgroundScheduleTest;
			sourceTree = "<group>";
		};
/* End PBXGroup section */

/* Begin PBXNativeTarget section */
		004A5420235766F700D236CC /* BackgroundScheduleTest */ = {
			isa = PBXNativeTarget;
			buildConfigurationList = 004A5438235766FB00D236CC /* Build configuration list for PBXNativeTarget "BackgroundScheduleTest" */;
			buildPhases = (
				004A541D235766F700D236CC /* Sources */,
				004A541E235766F700D236CC /* Frameworks */,
				004A541F235766F700D236CC /* Resources */,
			);
			buildRules = (
			);
			dependencies = (
			);
			name = BackgroundScheduleTest;
			productName = BackgroundScheduleTest;
			productReference = 004A5421235766F700D236CC /* BackgroundScheduleTest.app */;
			productType = "com.apple.product-type.application";
		};
/* End PBXNativeTarget section */

/* Begin PBXProject section */
		004A5419235766F700D236CC /* Project object */ = {
			isa = PBXProject;
			attributes = {
				LastSwiftUpdateCheck = 1110;
				LastUpgradeCheck = 1110;
				ORGANIZATIONNAME = "Jason van den Berg";
				TargetAttributes = {
					004A5420235766F700D236CC = {
						CreatedOnToolsVersion = 11.1;
					};
				};
			};
			buildConfigurationList = 004A541C235766F700D236CC /* Build configuration list for PBXProject "BackgroundScheduleTest" */;
			compatibilityVersion = "Xcode 9.3";
			developmentRegion = en;
			hasScannedForEncodings = 0;
			knownRegions = (
				en,
				Base,
			);
			mainGroup = 004A5418235766F700D236CC;
			productRefGroup = 004A5422235766F700D236CC /* Products */;
			projectDirPath = "";
			projectRoot = "";
			targets = (
				004A5420235766F700D236CC /* BackgroundScheduleTest */,
			);
		};
/* End PBXProject section */

/* Begin PBXResourcesBuildPhase section */
		004A541F235766F700D236CC /* Resources */ = {
			isa = PBXResourcesBuildPhase;
			buildActionMask = 2147483647;
			files = (
				004A5434235766FB00D236CC /* LaunchScreen.storyboard in Resources */,
				004A5431235766FB00D236CC /* Assets.xcassets in Resources */,
				004A542C235766F800D236CC /* Main.storyboard in Resources */,
			);
			runOnlyForDeploymentPostprocessing = 0;
		};
/* End PBXResourcesBuildPhase section */

/* Begin PBXSourcesBuildPhase section */
		004A541D235766F700D236CC /* Sources */ = {
			isa = PBXSourcesBuildPhase;
			buildActionMask = 2147483647;
			files = (
				004A542F235766F800D236CC /* BackgroundScheduleTest.xcdatamodeld in Sources */,
				004A5429235766F800D236CC /* ViewController.swift in Sources */,
				004A5425235766F800D236CC /* AppDelegate.swift in Sources */,
				004A5427235766F800D236CC /* SceneDelegate.swift in Sources */,
			);
			runOnlyForDeploymentPostprocessing = 0;
		};
/* End PBXSourcesBuildPhase section */

/* Begin PBXVariantGroup section */
		004A542A235766F800D236CC /* Main.storyboard */ = {
			isa = PBXVariantGroup;
			children = (
				004A542B235766F800D236CC /* Base */,
			);
			name = Main.storyboard;
			sourceTree = "<group>";
		};
		004A5432235766FB00D236CC /* LaunchScreen.storyboard */ = {
			isa = PBXVariantGroup;
			children = (
				004A5433235766FB00D236CC /* Base */,
			);
			name = LaunchScreen.storyboard;
			sourceTree = "<group>";
		};
/* End PBXVariantGroup section */

/* Begin XCBuildConfiguration section */
		004A5436235766FB00D236CC /* Debug */ = {
			isa = XCBuildConfiguration;
			buildSettings = {
				ALWAYS_SEARCH_USER_PATHS = NO;
				CLANG_ANALYZER_NONNULL = YES;
				CLANG_ANALYZER_NUMBER_OBJECT_CONVERSION = YES_AGGRESSIVE;
				CLANG_CXX_LANGUAGE_STANDARD = "gnu++14";
				CLANG_CXX_LIBRARY = "libc++";
				CLANG_ENABLE_MODULES = YES;
				CLANG_ENABLE_OBJC_ARC = YES;
				CLANG_ENABLE_OBJC_WEAK = YES;
				CLANG_WARN_BLOCK_CAPTURE_AUTORELEASING = YES;
				CLANG_WARN_BOOL_CONVERSION = YES;
				CLANG_WARN_COMMA = YES;
				CLANG_WARN_CONSTANT_CONVERSION = YES;
				CLANG_WARN_DEPRECATED_OBJC_IMPLEMENTATIONS = YES;
				CLANG_WARN_DIRECT_OBJC_ISA_USAGE = YES_ERROR;
				CLANG_WARN_DOCUMENTATION_COMMENTS = YES;
				CLANG_WARN_EMPTY_BODY = YES;
				CLANG_WARN_ENUM_CONVERSION = YES;
				CLANG_WARN_INFINITE_RECURSION = YES;
				CLANG_WARN_INT_CONVERSION = YES;
				CLANG_WARN_NON_LITERAL_NULL_CONVERSION = YES;
				CLANG_WARN_OBJC_IMPLICIT_RETAIN_SELF = YES;
				CLANG_WARN_OBJC_LITERAL_CONVERSION = YES;
				CLANG_WARN_OBJC_ROOT_CLASS = YES_ERROR;
				CLANG_WARN_RANGE_LOOP_ANALYSIS = YES;
				CLANG_WARN_STRICT_PROTOTYPES = YES;
				CLANG_WARN_SUSPICIOUS_MOVE = YES;
				CLANG_WARN_UNGUARDED_AVAILABILITY = YES_AGGRESSIVE;
				CLANG_WARN_UNREACHABLE_CODE = YES;
				CLANG_WARN__DUPLICATE_METHOD_MATCH = YES;
				COPY_PHASE_STRIP = NO;
				DEBUG_INFORMATION_FORMAT = dwarf;
				ENABLE_STRICT_OBJC_MSGSEND = YES;
				ENABLE_TESTABILITY = YES;
				GCC_C_LANGUAGE_STANDARD = gnu11;
				GCC_DYNAMIC_NO_PIC = NO;
				GCC_NO_COMMON_BLOCKS = YES;
				GCC_OPTIMIZATION_LEVEL = 0;
				GCC_PREPROCESSOR_DEFINITIONS = (
					"DEBUG=1",
					"$(inherited)",
				);
				GCC_WARN_64_TO_32_BIT_CONVERSION = YES;
				GCC_WARN_ABOUT_RETURN_TYPE = YES_ERROR;
				GCC_WARN_UNDECLARED_SELECTOR = YES;
				GCC_WARN_UNINITIALIZED_AUTOS = YES_AGGRESSIVE;
				GCC_WARN_UNUSED_FUNCTION = YES;
				GCC_WARN_UNUSED_VARIABLE = YES;
				IPHONEOS_DEPLOYMENT_TARGET = 13.1;
				MTL_ENABLE_DEBUG_INFO = INCLUDE_SOURCE;
				MTL_FAST_MATH = YES;
				ONLY_ACTIVE_ARCH = YES;
				SDKROOT = iphoneos;
				SWIFT_ACTIVE_COMPILATION_CONDITIONS = DEBUG;
				SWIFT_OPTIMIZATION_LEVEL = "-Onone";
			};
			name = Debug;
		};
		004A5437235766FB00D236CC /* Release */ = {
			isa = XCBuildConfiguration;
			buildSettings = {
				ALWAYS_SEARCH_USER_PATHS = NO;
				CLANG_ANALYZER_NONNULL = YES;
				CLANG_ANALYZER_NUMBER_OBJECT_CONVERSION = YES_AGGRESSIVE;
				CLANG_CXX_LANGUAGE_STANDARD = "gnu++14";
				CLANG_CXX_LIBRARY = "libc++";
				CLANG_ENABLE_MODULES = YES;
				CLANG_ENABLE_OBJC_ARC = YES;
				CLANG_ENABLE_OBJC_WEAK = YES;
				CLANG_WARN_BLOCK_CAPTURE_AUTORELEASING = YES;
				CLANG_WARN_BOOL_CONVERSION = YES;
				CLANG_WARN_COMMA = YES;
				CLANG_WARN_CONSTANT_CONVERSION = YES;
				CLANG_WARN_DEPRECATED_OBJC_IMPLEMENTATIONS = YES;
				CLANG_WARN_DIRECT_OBJC_ISA_USAGE = YES_ERROR;
				CLANG_WARN_DOCUMENTATION_COMMENTS = YES;
				CLANG_WARN_EMPTY_BODY = YES;
				CLANG_WARN_ENUM_CONVERSION = YES;
				CLANG_WARN_INFINITE_RECURSION = YES;
				CLANG_WARN_INT_CONVERSION = YES;
				CLANG_WARN_NON_LITERAL_NULL_CONVERSION = YES;
				CLANG_WARN_OBJC_IMPLICIT_RETAIN_SELF = YES;
				CLANG_WARN_OBJC_LITERAL_CONVERSION = YES;
				CLANG_WARN_OBJC_ROOT_CLASS = YES_ERROR;
				CLANG_WARN_RANGE_LOOP_ANALYSIS = YES;
				CLANG_WARN_STRICT_PROTOTYPES = YES;
				CLANG_WARN_SUSPICIOUS_MOVE = YES;
				CLANG_WARN_UNGUARDED_AVAILABILITY = YES_AGGRESSIVE;
				CLANG_WARN_UNREACHABLE_CODE = YES;
				CLANG_WARN__DUPLICATE_METHOD_MATCH = YES;
				COPY_PHASE_STRIP = NO;
				DEBUG_INFORMATION_FORMAT = "dwarf-with-dsym";
				ENABLE_NS_ASSERTIONS = NO;
				ENABLE_STRICT_OBJC_MSGSEND = YES;
				GCC_C_LANGUAGE_STANDARD = gnu11;
				GCC_NO_COMMON_BLOCKS = YES;
				GCC_WARN_64_TO_32_BIT_CONVERSION = YES;
				GCC_WARN_ABOUT_RETURN_TYPE = YES_ERROR;
				GCC_WARN_UNDECLARED_SELECTOR = YES;
				GCC_WARN_UNINITIALIZED_AUTOS = YES_AGGRESSIVE;
				GCC_WARN_UNUSED_FUNCTION = YES;
				GCC_WARN_UNUSED_VARIABLE = YES;
				IPHONEOS_DEPLOYMENT_TARGET = 13.1;
				MTL_ENABLE_DEBUG_INFO = NO;
				MTL_FAST_MATH = YES;
				SDKROOT = iphoneos;
				SWIFT_COMPILATION_MODE = wholemodule;
				SWIFT_OPTIMIZATION_LEVEL = "-O";
				VALIDATE_PRODUCT = YES;
			};
			name = Release;
		};
		004A5439235766FB00D236CC /* Debug */ = {
			isa = XCBuildConfiguration;
			buildSettings = {
				ASSETCATALOG_COMPILER_APPICON_NAME = AppIcon;
				CODE_SIGN_STYLE = Automatic;
				DEVELOPMENT_TEAM = GW2KRSPAWB;
				INFOPLIST_FILE = BackgroundScheduleTest/Info.plist;
				LD_RUNPATH_SEARCH_PATHS = (
					"$(inherited)",
					"@executable_path/Frameworks",
				);
				PRODUCT_BUNDLE_IDENTIFIER = com.jasonwashere.background.BackgroundScheduleTest;
				PRODUCT_NAME = "$(TARGET_NAME)";
				SWIFT_VERSION = 5.0;
				TARGETED_DEVICE_FAMILY = "1,2";
			};
			name = Debug;
		};
		004A543A235766FB00D236CC /* Release */ = {
			isa = XCBuildConfiguration;
			buildSettings = {
				ASSETCATALOG_COMPILER_APPICON_NAME = AppIcon;
				CODE_SIGN_STYLE = Automatic;
				DEVELOPMENT_TEAM = GW2KRSPAWB;
				INFOPLIST_FILE = BackgroundScheduleTest/Info.plist;
				LD_RUNPATH_SEARCH_PATHS = (
					"$(inherited)",
					"@executable_path/Frameworks",
				);
				PRODUCT_BUNDLE_IDENTIFIER = com.jasonwashere.background.BackgroundScheduleTest;
				PRODUCT_NAME = "$(TARGET_NAME)";
				SWIFT_VERSION = 5.0;
				TARGETED_DEVICE_FAMILY = "1,2";
			};
			name = Release;
		};
/* End XCBuildConfiguration section */

/* Begin XCConfigurationList section */
		004A541C235766F700D236CC /* Build configuration list for PBXProject "BackgroundScheduleTest" */ = {
			isa = XCConfigurationList;
			buildConfigurations = (
				004A5436235766FB00D236CC /* Debug */,
				004A5437235766FB00D236CC /* Release */,
			);
			defaultConfigurationIsVisible = 0;
			defaultConfigurationName = Release;
		};
		004A5438235766FB00D236CC /* Build configuration list for PBXNativeTarget "BackgroundScheduleTest" */ = {
			isa = XCConfigurationList;
			buildConfigurations = (
				004A5439235766FB00D236CC /* Debug */,
				004A543A235766FB00D236CC /* Release */,
			);
			defaultConfigurationIsVisible = 0;
			defaultConfigurationName = Release;
		};
/* End XCConfigurationList section */

/* Begin XCVersionGroup section */
		004A542D235766F800D236CC /* BackgroundScheduleTest.xcdatamodeld */ = {
			isa = XCVersionGroup;
			children = (
				004A542E235766F800D236CC /* BackgroundScheduleTest.xcdatamodel */,
			);
			currentVersion = 004A542E235766F800D236CC /* BackgroundScheduleTest.xcdatamodel */;
			path = BackgroundScheduleTest.xcdatamodeld;
			sourceTree = "<group>";
			versionGroupType = wrapper.xcdatamodel;
		};
/* End XCVersionGroup section */
	};
	rootObject = 004A5419235766F700D236CC /* Project object */;
}
